// !$*UTF8*$!
{
	archiveVersion = 1;
	classes = {
	};
	objectVersion = 56;
	objects = {

/* Begin PBXBuildFile section */
		39806A122ADD6B85001A287B /* uppgift_4App.swift in Sources */ = {isa = PBXBuildFile; fileRef = 39806A112ADD6B85001A287B /* uppgift_4App.swift */; };
		39806A142ADD6B85001A287B /* ContentView.swift in Sources */ = {isa = PBXBuildFile; fileRef = 39806A132ADD6B85001A287B /* ContentView.swift */; };
		39806A162ADD6B86001A287B /* Assets.xcassets in Resources */ = {isa = PBXBuildFile; fileRef = 39806A152ADD6B86001A287B /* Assets.xcassets */; };
		39806A192ADD6B86001A287B /* Preview Assets.xcassets in Resources */ = {isa = PBXBuildFile; fileRef = 39806A182ADD6B86001A287B /* Preview Assets.xcassets */; };
		39806A232ADD6B86001A287B /* uppgift_4Tests.swift in Sources */ = {isa = PBXBuildFile; fileRef = 39806A222ADD6B86001A287B /* uppgift_4Tests.swift */; };
		39806A2D2ADD6B86001A287B /* uppgift_4UITests.swift in Sources */ = {isa = PBXBuildFile; fileRef = 39806A2C2ADD6B86001A287B /* uppgift_4UITests.swift */; };
		39806A2F2ADD6B86001A287B /* uppgift_4UITestsLaunchTests.swift in Sources */ = {isa = PBXBuildFile; fileRef = 39806A2E2ADD6B86001A287B /* uppgift_4UITestsLaunchTests.swift */; };
		39DF56F82ADD6EAB0035A624 /* MobileNetModel.swift in Sources */ = {isa = PBXBuildFile; fileRef = 39DF56F72ADD6EAB0035A624 /* MobileNetModel.swift */; };
		39EB075B2ADD717F00450134 /* MobileNet.mlmodel in Sources */ = {isa = PBXBuildFile; fileRef = 39EB075A2ADD717F00450134 /* MobileNet.mlmodel */; };
/* End PBXBuildFile section */

/* Begin PBXContainerItemProxy section */
		39806A1F2ADD6B86001A287B /* PBXContainerItemProxy */ = {
			isa = PBXContainerItemProxy;
			containerPortal = 39806A062ADD6B84001A287B /* Project object */;
			proxyType = 1;
			remoteGlobalIDString = 39806A0D2ADD6B84001A287B;
			remoteInfo = "uppgift-4";
		};
		39806A292ADD6B86001A287B /* PBXContainerItemProxy */ = {
			isa = PBXContainerItemProxy;
			containerPortal = 39806A062ADD6B84001A287B /* Project object */;
			proxyType = 1;
			remoteGlobalIDString = 39806A0D2ADD6B84001A287B;
			remoteInfo = "uppgift-4";
		};
/* End PBXContainerItemProxy section */

/* Begin PBXFileReference section */
		39806A0E2ADD6B85001A287B /* uppgift-4.app */ = {isa = PBXFileReference; explicitFileType = wrapper.application; includeInIndex = 0; path = "uppgift-4.app"; sourceTree = BUILT_PRODUCTS_DIR; };
		39806A112ADD6B85001A287B /* uppgift_4App.swift */ = {isa = PBXFileReference; lastKnownFileType = sourcecode.swift; path = uppgift_4App.swift; sourceTree = "<group>"; };
		39806A132ADD6B85001A287B /* ContentView.swift */ = {isa = PBXFileReference; lastKnownFileType = sourcecode.swift; path = ContentView.swift; sourceTree = "<group>"; };
		39806A152ADD6B86001A287B /* Assets.xcassets */ = {isa = PBXFileReference; lastKnownFileType = folder.assetcatalog; path = Assets.xcassets; sourceTree = "<group>"; };
		39806A182ADD6B86001A287B /* Preview Assets.xcassets */ = {isa = PBXFileReference; lastKnownFileType = folder.assetcatalog; path = "Preview Assets.xcassets"; sourceTree = "<group>"; };
		39806A1E2ADD6B86001A287B /* uppgift-4Tests.xctest */ = {isa = PBXFileReference; explicitFileType = wrapper.cfbundle; includeInIndex = 0; path = "uppgift-4Tests.xctest"; sourceTree = BUILT_PRODUCTS_DIR; };
		39806A222ADD6B86001A287B /* uppgift_4Tests.swift */ = {isa = PBXFileReference; lastKnownFileType = sourcecode.swift; path = uppgift_4Tests.swift; sourceTree = "<group>"; };
		39806A282ADD6B86001A287B /* uppgift-4UITests.xctest */ = {isa = PBXFileReference; explicitFileType = wrapper.cfbundle; includeInIndex = 0; path = "uppgift-4UITests.xctest"; sourceTree = BUILT_PRODUCTS_DIR; };
		39806A2C2ADD6B86001A287B /* uppgift_4UITests.swift */ = {isa = PBXFileReference; lastKnownFileType = sourcecode.swift; path = uppgift_4UITests.swift; sourceTree = "<group>"; };
		39806A2E2ADD6B86001A287B /* uppgift_4UITestsLaunchTests.swift */ = {isa = PBXFileReference; lastKnownFileType = sourcecode.swift; path = uppgift_4UITestsLaunchTests.swift; sourceTree = "<group>"; };
		39DF56F72ADD6EAB0035A624 /* MobileNetModel.swift */ = {isa = PBXFileReference; lastKnownFileType = sourcecode.swift; path = MobileNetModel.swift; sourceTree = "<group>"; };
		39EB075A2ADD717F00450134 /* MobileNet.mlmodel */ = {isa = PBXFileReference; lastKnownFileType = file.mlmodel; name = MobileNet.mlmodel; path = "uppgift-4/Models/MobileNet.mlmodel"; sourceTree = "<group>"; };
/* End PBXFileReference section */

/* Begin PBXFrameworksBuildPhase section */
		39806A0B2ADD6B84001A287B /* Frameworks */ = {
			isa = PBXFrameworksBuildPhase;
			buildActionMask = 2147483647;
			files = (
			);
			runOnlyForDeploymentPostprocessing = 0;
		};
		39806A1B2ADD6B86001A287B /* Frameworks */ = {
			isa = PBXFrameworksBuildPhase;
			buildActionMask = 2147483647;
			files = (
			);
			runOnlyForDeploymentPostprocessing = 0;
		};
		39806A252ADD6B86001A287B /* Frameworks */ = {
			isa = PBXFrameworksBuildPhase;
			buildActionMask = 2147483647;
			files = (
			);
			runOnlyForDeploymentPostprocessing = 0;
		};
/* End PBXFrameworksBuildPhase section */

/* Begin PBXGroup section */
		39806A052ADD6B84001A287B = {
			isa = PBXGroup;
			children = (
				39EB075A2ADD717F00450134 /* MobileNet.mlmodel */,
				39806A102ADD6B85001A287B /* uppgift-4 */,
				39806A212ADD6B86001A287B /* uppgift-4Tests */,
				39806A2B2ADD6B86001A287B /* uppgift-4UITests */,
				39806A0F2ADD6B85001A287B /* Products */,
			);
			sourceTree = "<group>";
		};
		39806A0F2ADD6B85001A287B /* Products */ = {
			isa = PBXGroup;
			children = (
				39806A0E2ADD6B85001A287B /* uppgift-4.app */,
				39806A1E2ADD6B86001A287B /* uppgift-4Tests.xctest */,
				39806A282ADD6B86001A287B /* uppgift-4UITests.xctest */,
			);
			name = Products;
			sourceTree = "<group>";
		};
		39806A102ADD6B85001A287B /* uppgift-4 */ = {
			isa = PBXGroup;
			children = (
				39806A112ADD6B85001A287B /* uppgift_4App.swift */,
				39806A132ADD6B85001A287B /* ContentView.swift */,
				39DF56F72ADD6EAB0035A624 /* MobileNetModel.swift */,
				39806A152ADD6B86001A287B /* Assets.xcassets */,
				39806A172ADD6B86001A287B /* Preview Content */,
			);
			path = "uppgift-4";
			sourceTree = "<group>";
		};
		39806A172ADD6B86001A287B /* Preview Content */ = {
			isa = PBXGroup;
			children = (
				39806A182ADD6B86001A287B /* Preview Assets.xcassets */,
			);
			path = "Preview Content";
			sourceTree = "<group>";
		};
		39806A212ADD6B86001A287B /* uppgift-4Tests */ = {
			isa = PBXGroup;
			children = (
				39806A222ADD6B86001A287B /* uppgift_4Tests.swift */,
			);
			path = "uppgift-4Tests";
			sourceTree = "<group>";
		};
		39806A2B2ADD6B86001A287B /* uppgift-4UITests */ = {
			isa = PBXGroup;
			children = (
				39806A2C2ADD6B86001A287B /* uppgift_4UITests.swift */,
				39806A2E2ADD6B86001A287B /* uppgift_4UITestsLaunchTests.swift */,
			);
			path = "uppgift-4UITests";
			sourceTree = "<group>";
		};
/* End PBXGroup section */

/* Begin PBXNativeTarget section */
		39806A0D2ADD6B84001A287B /* uppgift-4 */ = {
			isa = PBXNativeTarget;
			buildConfigurationList = 39806A322ADD6B86001A287B /* Build configuration list for PBXNativeTarget "uppgift-4" */;
			buildPhases = (
				39806A0A2ADD6B84001A287B /* Sources */,
				39806A0B2ADD6B84001A287B /* Frameworks */,
				39806A0C2ADD6B84001A287B /* Resources */,
			);
			buildRules = (
			);
			dependencies = (
			);
			name = "uppgift-4";
			productName = "uppgift-4";
			productReference = 39806A0E2ADD6B85001A287B /* uppgift-4.app */;
			productType = "com.apple.product-type.application";
		};
		39806A1D2ADD6B86001A287B /* uppgift-4Tests */ = {
			isa = PBXNativeTarget;
			buildConfigurationList = 39806A352ADD6B86001A287B /* Build configuration list for PBXNativeTarget "uppgift-4Tests" */;
			buildPhases = (
				39806A1A2ADD6B86001A287B /* Sources */,
				39806A1B2ADD6B86001A287B /* Frameworks */,
				39806A1C2ADD6B86001A287B /* Resources */,
			);
			buildRules = (
			);
			dependencies = (
				39806A202ADD6B86001A287B /* PBXTargetDependency */,
			);
			name = "uppgift-4Tests";
			productName = "uppgift-4Tests";
			productReference = 39806A1E2ADD6B86001A287B /* uppgift-4Tests.xctest */;
			productType = "com.apple.product-type.bundle.unit-test";
		};
		39806A272ADD6B86001A287B /* uppgift-4UITests */ = {
			isa = PBXNativeTarget;
			buildConfigurationList = 39806A382ADD6B86001A287B /* Build configuration list for PBXNativeTarget "uppgift-4UITests" */;
			buildPhases = (
				39806A242ADD6B86001A287B /* Sources */,
				39806A252ADD6B86001A287B /* Frameworks */,
				39806A262ADD6B86001A287B /* Resources */,
			);
			buildRules = (
			);
			dependencies = (
				39806A2A2ADD6B86001A287B /* PBXTargetDependency */,
			);
			name = "uppgift-4UITests";
			productName = "uppgift-4UITests";
			productReference = 39806A282ADD6B86001A287B /* uppgift-4UITests.xctest */;
			productType = "com.apple.product-type.bundle.ui-testing";
		};
/* End PBXNativeTarget section */

/* Begin PBXProject section */
		39806A062ADD6B84001A287B /* Project object */ = {
			isa = PBXProject;
			attributes = {
				BuildIndependentTargetsInParallel = 1;
				LastSwiftUpdateCheck = 1420;
				LastUpgradeCheck = 1420;
				TargetAttributes = {
					39806A0D2ADD6B84001A287B = {
						CreatedOnToolsVersion = 14.2;
					};
					39806A1D2ADD6B86001A287B = {
						CreatedOnToolsVersion = 14.2;
						TestTargetID = 39806A0D2ADD6B84001A287B;
					};
					39806A272ADD6B86001A287B = {
						CreatedOnToolsVersion = 14.2;
						TestTargetID = 39806A0D2ADD6B84001A287B;
					};
				};
			};
			buildConfigurationList = 39806A092ADD6B84001A287B /* Build configuration list for PBXProject "uppgift-4" */;
			compatibilityVersion = "Xcode 14.0";
			developmentRegion = en;
			hasScannedForEncodings = 0;
			knownRegions = (
				en,
				Base,
			);
			mainGroup = 39806A052ADD6B84001A287B;
			productRefGroup = 39806A0F2ADD6B85001A287B /* Products */;
			projectDirPath = "";
			projectRoot = "";
			targets = (
				39806A0D2ADD6B84001A287B /* uppgift-4 */,
				39806A1D2ADD6B86001A287B /* uppgift-4Tests */,
				39806A272ADD6B86001A287B /* uppgift-4UITests */,
			);
		};
/* End PBXProject section */

/* Begin PBXResourcesBuildPhase section */
		39806A0C2ADD6B84001A287B /* Resources */ = {
			isa = PBXResourcesBuildPhase;
			buildActionMask = 2147483647;
			files = (
				39806A192ADD6B86001A287B /* Preview Assets.xcassets in Resources */,
				39806A162ADD6B86001A287B /* Assets.xcassets in Resources */,
			);
			runOnlyForDeploymentPostprocessing = 0;
		};
		39806A1C2ADD6B86001A287B /* Resources */ = {
			isa = PBXResourcesBuildPhase;
			buildActionMask = 2147483647;
			files = (
			);
			runOnlyForDeploymentPostprocessing = 0;
		};
		39806A262ADD6B86001A287B /* Resources */ = {
			isa = PBXResourcesBuildPhase;
			buildActionMask = 2147483647;
			files = (
			);
			runOnlyForDeploymentPostprocessing = 0;
		};
/* End PBXResourcesBuildPhase section */

/* Begin PBXSourcesBuildPhase section */
		39806A0A2ADD6B84001A287B /* Sources */ = {
			isa = PBXSourcesBuildPhase;
			buildActionMask = 2147483647;
			files = (
				39EB075B2ADD717F00450134 /* MobileNet.mlmodel in Sources */,
				39DF56F82ADD6EAB0035A624 /* MobileNetModel.swift in Sources */,
				39806A142ADD6B85001A287B /* ContentView.swift in Sources */,
				39806A122ADD6B85001A287B /* uppgift_4App.swift in Sources */,
			);
			runOnlyForDeploymentPostprocessing = 0;
		};
		39806A1A2ADD6B86001A287B /* Sources */ = {
			isa = PBXSourcesBuildPhase;
			buildActionMask = 2147483647;
			files = (
				39806A232ADD6B86001A287B /* uppgift_4Tests.swift in Sources */,
			);
			runOnlyForDeploymentPostprocessing = 0;
		};
		39806A242ADD6B86001A287B /* Sources */ = {
			isa = PBXSourcesBuildPhase;
			buildActionMask = 2147483647;
			files = (
				39806A2D2ADD6B86001A287B /* uppgift_4UITests.swift in Sources */,
				39806A2F2ADD6B86001A287B /* uppgift_4UITestsLaunchTests.swift in Sources */,
			);
			runOnlyForDeploymentPostprocessing = 0;
		};
/* End PBXSourcesBuildPhase section */

/* Begin PBXTargetDependency section */
		39806A202ADD6B86001A287B /* PBXTargetDependency */ = {
			isa = PBXTargetDependency;
			target = 39806A0D2ADD6B84001A287B /* uppgift-4 */;
			targetProxy = 39806A1F2ADD6B86001A287B /* PBXContainerItemProxy */;
		};
		39806A2A2ADD6B86001A287B /* PBXTargetDependency */ = {
			isa = PBXTargetDependency;
			target = 39806A0D2ADD6B84001A287B /* uppgift-4 */;
			targetProxy = 39806A292ADD6B86001A287B /* PBXContainerItemProxy */;
		};
/* End PBXTargetDependency section */

/* Begin XCBuildConfiguration section */
		39806A302ADD6B86001A287B /* Debug */ = {
			isa = XCBuildConfiguration;
			buildSettings = {
				ALWAYS_SEARCH_USER_PATHS = NO;
				CLANG_ANALYZER_NONNULL = YES;
				CLANG_ANALYZER_NUMBER_OBJECT_CONVERSION = YES_AGGRESSIVE;
				CLANG_CXX_LANGUAGE_STANDARD = "gnu++20";
				CLANG_ENABLE_MODULES = YES;
				CLANG_ENABLE_OBJC_ARC = YES;
				CLANG_ENABLE_OBJC_WEAK = YES;
				CLANG_WARN_BLOCK_CAPTURE_AUTORELEASING = YES;
				CLANG_WARN_BOOL_CONVERSION = YES;
				CLANG_WARN_COMMA = YES;
				CLANG_WARN_CONSTANT_CONVERSION = YES;
				CLANG_WARN_DEPRECATED_OBJC_IMPLEMENTATIONS = YES;
				CLANG_WARN_DIRECT_OBJC_ISA_USAGE = YES_ERROR;
				CLANG_WARN_DOCUMENTATION_COMMENTS = YES;
				CLANG_WARN_EMPTY_BODY = YES;
				CLANG_WARN_ENUM_CONVERSION = YES;
				CLANG_WARN_INFINITE_RECURSION = YES;
				CLANG_WARN_INT_CONVERSION = YES;
				CLANG_WARN_NON_LITERAL_NULL_CONVERSION = YES;
				CLANG_WARN_OBJC_IMPLICIT_RETAIN_SELF = YES;
				CLANG_WARN_OBJC_LITERAL_CONVERSION = YES;
				CLANG_WARN_OBJC_ROOT_CLASS = YES_ERROR;
				CLANG_WARN_QUOTED_INCLUDE_IN_FRAMEWORK_HEADER = YES;
				CLANG_WARN_RANGE_LOOP_ANALYSIS = YES;
				CLANG_WARN_STRICT_PROTOTYPES = YES;
				CLANG_WARN_SUSPICIOUS_MOVE = YES;
				CLANG_WARN_UNGUARDED_AVAILABILITY = YES_AGGRESSIVE;
				CLANG_WARN_UNREACHABLE_CODE = YES;
				CLANG_WARN__DUPLICATE_METHOD_MATCH = YES;
				COPY_PHASE_STRIP = NO;
				DEBUG_INFORMATION_FORMAT = dwarf;
				ENABLE_STRICT_OBJC_MSGSEND = YES;
				ENABLE_TESTABILITY = YES;
				GCC_C_LANGUAGE_STANDARD = gnu11;
				GCC_DYNAMIC_NO_PIC = NO;
				GCC_NO_COMMON_BLOCKS = YES;
				GCC_OPTIMIZATION_LEVEL = 0;
				GCC_PREPROCESSOR_DEFINITIONS = (
					"DEBUG=1",
					"$(inherited)",
				);
				GCC_WARN_64_TO_32_BIT_CONVERSION = YES;
				GCC_WARN_ABOUT_RETURN_TYPE = YES_ERROR;
				GCC_WARN_UNDECLARED_SELECTOR = YES;
				GCC_WARN_UNINITIALIZED_AUTOS = YES_AGGRESSIVE;
				GCC_WARN_UNUSED_FUNCTION = YES;
				GCC_WARN_UNUSED_VARIABLE = YES;
				IPHONEOS_DEPLOYMENT_TARGET = 16.2;
				MTL_ENABLE_DEBUG_INFO = INCLUDE_SOURCE;
				MTL_FAST_MATH = YES;
				ONLY_ACTIVE_ARCH = YES;
				SDKROOT = iphoneos;
				SWIFT_ACTIVE_COMPILATION_CONDITIONS = DEBUG;
				SWIFT_OPTIMIZATION_LEVEL = "-Onone";
			};
			name = Debug;
		};
		39806A312ADD6B86001A287B /* Release */ = {
			isa = XCBuildConfiguration;
			buildSettings = {
				ALWAYS_SEARCH_USER_PATHS = NO;
				CLANG_ANALYZER_NONNULL = YES;
				CLANG_ANALYZER_NUMBER_OBJECT_CONVERSION = YES_AGGRESSIVE;
				CLANG_CXX_LANGUAGE_STANDARD = "gnu++20";
				CLANG_ENABLE_MODULES = YES;
				CLANG_ENABLE_OBJC_ARC = YES;
				CLANG_ENABLE_OBJC_WEAK = YES;
				CLANG_WARN_BLOCK_CAPTURE_AUTORELEASING = YES;
				CLANG_WARN_BOOL_CONVERSION = YES;
				CLANG_WARN_COMMA = YES;
				CLANG_WARN_CONSTANT_CONVERSION = YES;
				CLANG_WARN_DEPRECATED_OBJC_IMPLEMENTATIONS = YES;
				CLANG_WARN_DIRECT_OBJC_ISA_USAGE = YES_ERROR;
				CLANG_WARN_DOCUMENTATION_COMMENTS = YES;
				CLANG_WARN_EMPTY_BODY = YES;
				CLANG_WARN_ENUM_CONVERSION = YES;
				CLANG_WARN_INFINITE_RECURSION = YES;
				CLANG_WARN_INT_CONVERSION = YES;
				CLANG_WARN_NON_LITERAL_NULL_CONVERSION = YES;
				CLANG_WARN_OBJC_IMPLICIT_RETAIN_SELF = YES;
				CLANG_WARN_OBJC_LITERAL_CONVERSION = YES;
				CLANG_WARN_OBJC_ROOT_CLASS = YES_ERROR;
				CLANG_WARN_QUOTED_INCLUDE_IN_FRAMEWORK_HEADER = YES;
				CLANG_WARN_RANGE_LOOP_ANALYSIS = YES;
				CLANG_WARN_STRICT_PROTOTYPES = YES;
				CLANG_WARN_SUSPICIOUS_MOVE = YES;
				CLANG_WARN_UNGUARDED_AVAILABILITY = YES_AGGRESSIVE;
				CLANG_WARN_UNREACHABLE_CODE = YES;
				CLANG_WARN__DUPLICATE_METHOD_MATCH = YES;
				COPY_PHASE_STRIP = NO;
				DEBUG_INFORMATION_FORMAT = "dwarf-with-dsym";
				ENABLE_NS_ASSERTIONS = NO;
				ENABLE_STRICT_OBJC_MSGSEND = YES;
				GCC_C_LANGUAGE_STANDARD = gnu11;
				GCC_NO_COMMON_BLOCKS = YES;
				GCC_WARN_64_TO_32_BIT_CONVERSION = YES;
				GCC_WARN_ABOUT_RETURN_TYPE = YES_ERROR;
				GCC_WARN_UNDECLARED_SELECTOR = YES;
				GCC_WARN_UNINITIALIZED_AUTOS = YES_AGGRESSIVE;
				GCC_WARN_UNUSED_FUNCTION = YES;
				GCC_WARN_UNUSED_VARIABLE = YES;
				IPHONEOS_DEPLOYMENT_TARGET = 16.2;
				MTL_ENABLE_DEBUG_INFO = NO;
				MTL_FAST_MATH = YES;
				SDKROOT = iphoneos;
				SWIFT_COMPILATION_MODE = wholemodule;
				SWIFT_OPTIMIZATION_LEVEL = "-O";
				VALIDATE_PRODUCT = YES;
			};
			name = Release;
		};
		39806A332ADD6B86001A287B /* Debug */ = {
			isa = XCBuildConfiguration;
			buildSettings = {
				ASSETCATALOG_COMPILER_APPICON_NAME = AppIcon;
				ASSETCATALOG_COMPILER_GLOBAL_ACCENT_COLOR_NAME = AccentColor;
				CODE_SIGN_STYLE = Automatic;
				CURRENT_PROJECT_VERSION = 1;
				DEVELOPMENT_ASSET_PATHS = "\"uppgift-4/Preview Content\"";
				ENABLE_PREVIEWS = YES;
				GENERATE_INFOPLIST_FILE = YES;
				INFOPLIST_KEY_UIApplicationSceneManifest_Generation = YES;
				INFOPLIST_KEY_UIApplicationSupportsIndirectInputEvents = YES;
				INFOPLIST_KEY_UILaunchScreen_Generation = YES;
				INFOPLIST_KEY_UISupportedInterfaceOrientations_iPad = "UIInterfaceOrientationPortrait UIInterfaceOrientationPortraitUpsideDown UIInterfaceOrientationLandscapeLeft UIInterfaceOrientationLandscapeRight";
				INFOPLIST_KEY_UISupportedInterfaceOrientations_iPhone = "UIInterfaceOrientationPortrait UIInterfaceOrientationLandscapeLeft UIInterfaceOrientationLandscapeRight";
				LD_RUNPATH_SEARCH_PATHS = (
					"$(inherited)",
					"@executable_path/Frameworks",
				);
				MARKETING_VERSION = 1.0;
				PRODUCT_BUNDLE_IDENTIFIER = "com.hr.uppgift-4";
				PRODUCT_NAME = "$(TARGET_NAME)";
				SWIFT_EMIT_LOC_STRINGS = YES;
				SWIFT_VERSION = 5.0;
				TARGETED_DEVICE_FAMILY = "1,2";
			};
			name = Debug;
		};
		39806A342ADD6B86001A287B /* Release */ = {
			isa = XCBuildConfiguration;
			buildSettings = {
				ASSETCATALOG_COMPILER_APPICON_NAME = AppIcon;
				ASSETCATALOG_COMPILER_GLOBAL_ACCENT_COLOR_NAME = AccentColor;
				CODE_SIGN_STYLE = Automatic;
				CURRENT_PROJECT_VERSION = 1;
				DEVELOPMENT_ASSET_PATHS = "\"uppgift-4/Preview Content\"";
				ENABLE_PREVIEWS = YES;
				GENERATE_INFOPLIST_FILE = YES;
				INFOPLIST_KEY_UIApplicationSceneManifest_Generation = YES;
				INFOPLIST_KEY_UIApplicationSupportsIndirectInputEvents = YES;
				INFOPLIST_KEY_UILaunchScreen_Generation = YES;
				INFOPLIST_KEY_UISupportedInterfaceOrientations_iPad = "UIInterfaceOrientationPortrait UIInterfaceOrientationPortraitUpsideDown UIInterfaceOrientationLandscapeLeft UIInterfaceOrientationLandscapeRight";
				INFOPLIST_KEY_UISupportedInterfaceOrientations_iPhone = "UIInterfaceOrientationPortrait UIInterfaceOrientationLandscapeLeft UIInterfaceOrientationLandscapeRight";
				LD_RUNPATH_SEARCH_PATHS = (
					"$(inherited)",
					"@executable_path/Frameworks",
				);
				MARKETING_VERSION = 1.0;
				PRODUCT_BUNDLE_IDENTIFIER = "com.hr.uppgift-4";
				PRODUCT_NAME = "$(TARGET_NAME)";
				SWIFT_EMIT_LOC_STRINGS = YES;
				SWIFT_VERSION = 5.0;
				TARGETED_DEVICE_FAMILY = "1,2";
			};
			name = Release;
		};
		39806A362ADD6B86001A287B /* Debug */ = {
			isa = XCBuildConfiguration;
			buildSettings = {
				ALWAYS_EMBED_SWIFT_STANDARD_LIBRARIES = YES;
				BUNDLE_LOADER = "$(TEST_HOST)";
				CODE_SIGN_STYLE = Automatic;
				CURRENT_PROJECT_VERSION = 1;
				GENERATE_INFOPLIST_FILE = YES;
				IPHONEOS_DEPLOYMENT_TARGET = 16.2;
				MARKETING_VERSION = 1.0;
				PRODUCT_BUNDLE_IDENTIFIER = "com.hr.uppgift-4Tests";
				PRODUCT_NAME = "$(TARGET_NAME)";
				SWIFT_EMIT_LOC_STRINGS = NO;
				SWIFT_VERSION = 5.0;
				TARGETED_DEVICE_FAMILY = "1,2";
				TEST_HOST = "$(BUILT_PRODUCTS_DIR)/uppgift-4.app/$(BUNDLE_EXECUTABLE_FOLDER_PATH)/uppgift-4";
			};
			name = Debug;
		};
		39806A372ADD6B86001A287B /* Release */ = {
			isa = XCBuildConfiguration;
			buildSettings = {
				ALWAYS_EMBED_SWIFT_STANDARD_LIBRARIES = YES;
				BUNDLE_LOADER = "$(TEST_HOST)";
				CODE_SIGN_STYLE = Automatic;
				CURRENT_PROJECT_VERSION = 1;
				GENERATE_INFOPLIST_FILE = YES;
				IPHONEOS_DEPLOYMENT_TARGET = 16.2;
				MARKETING_VERSION = 1.0;
				PRODUCT_BUNDLE_IDENTIFIER = "com.hr.uppgift-4Tests";
				PRODUCT_NAME = "$(TARGET_NAME)";
				SWIFT_EMIT_LOC_STRINGS = NO;
				SWIFT_VERSION = 5.0;
				TARGETED_DEVICE_FAMILY = "1,2";
				TEST_HOST = "$(BUILT_PRODUCTS_DIR)/uppgift-4.app/$(BUNDLE_EXECUTABLE_FOLDER_PATH)/uppgift-4";
			};
			name = Release;
		};
		39806A392ADD6B86001A287B /* Debug */ = {
			isa = XCBuildConfiguration;
			buildSettings = {
				ALWAYS_EMBED_SWIFT_STANDARD_LIBRARIES = YES;
				CODE_SIGN_STYLE = Automatic;
				CURRENT_PROJECT_VERSION = 1;
				GENERATE_INFOPLIST_FILE = YES;
				MARKETING_VERSION = 1.0;
				PRODUCT_BUNDLE_IDENTIFIER = "com.hr.uppgift-4UITests";
				PRODUCT_NAME = "$(TARGET_NAME)";
				SWIFT_EMIT_LOC_STRINGS = NO;
				SWIFT_VERSION = 5.0;
				TARGETED_DEVICE_FAMILY = "1,2";
				TEST_TARGET_NAME = "uppgift-4";
			};
			name = Debug;
		};
		39806A3A2ADD6B86001A287B /* Release */ = {
			isa = XCBuildConfiguration;
			buildSettings = {
				ALWAYS_EMBED_SWIFT_STANDARD_LIBRARIES = YES;
				CODE_SIGN_STYLE = Automatic;
				CURRENT_PROJECT_VERSION = 1;
				GENERATE_INFOPLIST_FILE = YES;
				MARKETING_VERSION = 1.0;
				PRODUCT_BUNDLE_IDENTIFIER = "com.hr.uppgift-4UITests";
				PRODUCT_NAME = "$(TARGET_NAME)";
				SWIFT_EMIT_LOC_STRINGS = NO;
				SWIFT_VERSION = 5.0;
				TARGETED_DEVICE_FAMILY = "1,2";
				TEST_TARGET_NAME = "uppgift-4";
			};
			name = Release;
		};
/* End XCBuildConfiguration section */

/* Begin XCConfigurationList section */
		39806A092ADD6B84001A287B /* Build configuration list for PBXProject "uppgift-4" */ = {
			isa = XCConfigurationList;
			buildConfigurations = (
				39806A302ADD6B86001A287B /* Debug */,
				39806A312ADD6B86001A287B /* Release */,
			);
			defaultConfigurationIsVisible = 0;
			defaultConfigurationName = Release;
		};
		39806A322ADD6B86001A287B /* Build configuration list for PBXNativeTarget "uppgift-4" */ = {
			isa = XCConfigurationList;
			buildConfigurations = (
				39806A332ADD6B86001A287B /* Debug */,
				39806A342ADD6B86001A287B /* Release */,
			);
			defaultConfigurationIsVisible = 0;
			defaultConfigurationName = Release;
		};
		39806A352ADD6B86001A287B /* Build configuration list for PBXNativeTarget "uppgift-4Tests" */ = {
			isa = XCConfigurationList;
			buildConfigurations = (
				39806A362ADD6B86001A287B /* Debug */,
				39806A372ADD6B86001A287B /* Release */,
			);
			defaultConfigurationIsVisible = 0;
			defaultConfigurationName = Release;
		};
		39806A382ADD6B86001A287B /* Build configuration list for PBXNativeTarget "uppgift-4UITests" */ = {
			isa = XCConfigurationList;
			buildConfigurations = (
				39806A392ADD6B86001A287B /* Debug */,
				39806A3A2ADD6B86001A287B /* Release */,
			);
			defaultConfigurationIsVisible = 0;
			defaultConfigurationName = Release;
		};
/* End XCConfigurationList section */
	};
	rootObject = 39806A062ADD6B84001A287B /* Project object */;
}
